
Microsoft Visual Studio Solution File, Format Version 12.00
# Visual Studio Version 17
VisualStudioVersion = 17.3.32811.315
MinimumVisualStudioVersion = 10.0.40219.1
Project("{FAE04EC0-301F-11D3-BF4B-00C04F79EFBC}") = "NewTalents", "NewTalents\NewTalents.csproj", "{676A919E-2774-4C19-9F1A-496F220B3D87}"
EndProject
Project("{FAE04EC0-301F-11D3-BF4B-00C04F79EFBC}") = "TestNewTalents", "TestNewTalents\TestNewTalents.csproj", "{6FB69DB1-E0C5-4646-AF3B-2D176FE4DFD1}"
EndProject
Global
	GlobalSection(SolutionConfigurationPlatforms) = preSolution
		Debug|Any CPU = Debug|Any CPU
		Release|Any CPU = Release|Any CPU
	EndGlobalSection
	GlobalSection(ProjectConfigurationPlatforms) = postSolution
		{676A919E-2774-4C19-9F1A-496F220B3D87}.Debug|Any CPU.ActiveCfg = Debug|Any CPU
		{676A919E-2774-4C19-9F1A-496F220B3D87}.Debug|Any CPU.Build.0 = Debug|Any CPU
		{676A919E-2774-4C19-9F1A-496F220B3D87}.Release|Any CPU.ActiveCfg = Release|Any CPU
		{676A919E-2774-4C19-9F1A-496F220B3D87}.Release|Any CPU.Build.0 = Release|Any CPU
		{6FB69DB1-E0C5-4646-AF3B-2D176FE4DFD1}.Debug|Any CPU.ActiveCfg = Debug|Any CPU
		{6FB69DB1-E0C5-4646-AF3B-2D176FE4DFD1}.Debug|Any CPU.Build.0 = Debug|Any CPU
		{6FB69DB1-E0C5-4646-AF3B-2D176FE4DFD1}.Release|Any CPU.ActiveCfg = Release|Any CPU
		{6FB69DB1-E0C5-4646-AF3B-2D176FE4DFD1}.Release|Any CPU.Build.0 = Release|Any CPU
	EndGlobalSection
	GlobalSection(SolutionProperties) = preSolution
		HideSolutionNode = FALSE
	EndGlobalSection
	GlobalSection(ExtensibilityGlobals) = postSolution
		SolutionGuid = {2E21ADEF-420B-4063-BD06-1A10E64F5725}
	EndGlobalSection
EndGlobal
